
Microsoft Visual Studio Solution File, Format Version 12.00
# Visual Studio Version 16
VisualStudioVersion = 16.0.29009.5
MinimumVisualStudioVersion = 10.0.40219.1
Project("{FAE04EC0-301F-11D3-BF4B-00C04F79EFBC}") = "Tuto_ASP-NET-MVC", "Tuto_ASP-NET-MVC\Tuto_ASP-NET-MVC.csproj", "{37B705D4-0E35-4898-8A9A-2594B6477C07}"
EndProject
Global
	GlobalSection(SolutionConfigurationPlatforms) = preSolution
		Debug|Any CPU = Debug|Any CPU
		Release|Any CPU = Release|Any CPU
	EndGlobalSection
	GlobalSection(ProjectConfigurationPlatforms) = postSolution
		{37B705D4-0E35-4898-8A9A-2594B6477C07}.Debug|Any CPU.ActiveCfg = Debug|Any CPU
		{37B705D4-0E35-4898-8A9A-2594B6477C07}.Debug|Any CPU.Build.0 = Debug|Any CPU
		{37B705D4-0E35-4898-8A9A-2594B6477C07}.Release|Any CPU.ActiveCfg = Release|Any CPU
		{37B705D4-0E35-4898-8A9A-2594B6477C07}.Release|Any CPU.Build.0 = Release|Any CPU
	EndGlobalSection
	GlobalSection(SolutionProperties) = preSolution
		HideSolutionNode = FALSE
	EndGlobalSection
	GlobalSection(ExtensibilityGlobals) = postSolution
		SolutionGuid = {3EDC0B62-74D4-4AEE-983A-EC11CB944E12}
	EndGlobalSection
EndGlobal
